dependencies:
- name: mongodb
  repository: ""
  version: 16.2.2
- name: psmdb-operator
  repository: ""
  version: 1.23.0
- name: psmdb-db
  repository: ""
  version: 1.23.0
digest: sha256:18ddfe22ed713aefe09bed08b0a25b386b82920457b2459886a6b4ff93749acd
generated: "2026-08-25T12:47:25.798892519+05:30"
